
Microsoft Visual Studio Solution File, Format Version 12.00
# Visual Studio 14
VisualStudioVersion = 14.0.25420.1
MinimumVisualStudioVersion = 10.0.40219.1
Project("{FAE04EC0-301F-11D3-BF4B-00C04F79EFBC}") = "Portal", "QLVB\Portal.csproj", "{6BCFBB69-C6E2-4994-A030-FF522949737C}"
EndProject
Global
	GlobalSection(SolutionConfigurationPlatforms) = preSolution
		Debug|Any CPU = Debug|Any CPU
		Release|Any CPU = Release|Any CPU
	EndGlobalSection
	GlobalSection(ProjectConfigurationPlatforms) = postSolution
		{6BCFBB69-C6E2-4994-A030-FF522949737C}.Debug|Any CPU.ActiveCfg = Debug|Any CPU
		{6BCFBB69-C6E2-4994-A030-FF522949737C}.Debug|Any CPU.Build.0 = Debug|Any CPU
		{6BCFBB69-C6E2-4994-A030-FF522949737C}.Release|Any CPU.ActiveCfg = Release|Any CPU
		{6BCFBB69-C6E2-4994-A030-FF522949737C}.Release|Any CPU.Build.0 = Release|Any CPU
	EndGlobalSection
	GlobalSection(SolutionProperties) = preSolution
		HideSolutionNode = FALSE
	EndGlobalSection
	GlobalSection(ExtensibilityGlobals) = postSolution
		SolutionGuid = {22DF6BE7-CC32-46AF-89EB-45DB1425F0FA}
	EndGlobalSection
	GlobalSection(TeamFoundationVersionControl) = preSolution
		SccNumberOfProjects = 2
		SccEnterpriseProvider = {4CA58AB2-18FA-4F8D-95D4-32DDF27D184C}
		SccTeamFoundationServer = https://datnq.visualstudio.com/
		SccLocalPath0 = .
		SccProjectUniqueName1 = QLVB\\Portal.csproj
		SccProjectName1 = QLVB
		SccLocalPath1 = QLVB
	EndGlobalSection
EndGlobal
